
Microsoft Visual Studio Solution File, Format Version 12.00
# Visual Studio Version 16
VisualStudioVersion = 16.0.30717.126
MinimumVisualStudioVersion = 15.0.26124.0
Project("{9A19103F-16F7-4668-BE54-9A1E7A4F7556}") = "domain", "domain\domain.csproj", "{1B6F06A8-3658-4645-B51B-82C335103576}"
EndProject
Project("{9A19103F-16F7-4668-BE54-9A1E7A4F7556}") = "domain-spec", "domain-spec\domain-spec.csproj", "{1837DBD2-EF98-4B0C-AC20-77428C8BEBA2}"
EndProject
Global
	GlobalSection(SolutionConfigurationPlatforms) = preSolution
		Debug|Any CPU = Debug|Any CPU
		Debug|x64 = Debug|x64
		Debug|x86 = Debug|x86
		Release|Any CPU = Release|Any CPU
		Release|x64 = Release|x64
		Release|x86 = Release|x86
	EndGlobalSection
	GlobalSection(ProjectConfigurationPlatforms) = postSolution
		{1B6F06A8-3658-4645-B51B-82C335103576}.Debug|Any CPU.ActiveCfg = Debug|Any CPU
		{1B6F06A8-3658-4645-B51B-82C335103576}.Debug|Any CPU.Build.0 = Debug|Any CPU
		{1B6F06A8-3658-4645-B51B-82C335103576}.Debug|x64.ActiveCfg = Debug|Any CPU
		{1B6F06A8-3658-4645-B51B-82C335103576}.Debug|x64.Build.0 = Debug|Any CPU
		{1B6F06A8-3658-4645-B51B-82C335103576}.Debug|x86.ActiveCfg = Debug|Any CPU
		{1B6F06A8-3658-4645-B51B-82C335103576}.Debug|x86.Build.0 = Debug|Any CPU
		{1B6F06A8-3658-4645-B51B-82C335103576}.Release|Any CPU.ActiveCfg = Release|Any CPU
		{1B6F06A8-3658-4645-B51B-82C335103576}.Release|Any CPU.Build.0 = Release|Any CPU
		{1B6F06A8-3658-4645-B51B-82C335103576}.Release|x64.ActiveCfg = Release|Any CPU
		{1B6F06A8-3658-4645-B51B-82C335103576}.Release|x64.Build.0 = Release|Any CPU
		{1B6F06A8-3658-4645-B51B-82C335103576}.Release|x86.ActiveCfg = Release|Any CPU
		{1B6F06A8-3658-4645-B51B-82C335103576}.Release|x86.Build.0 = Release|Any CPU
		{1837DBD2-EF98-4B0C-AC20-77428C8BEBA2}.Debug|Any CPU.ActiveCfg = Debug|Any CPU
		{1837DBD2-EF98-4B0C-AC20-77428C8BEBA2}.Debug|Any CPU.Build.0 = Debug|Any CPU
		{1837DBD2-EF98-4B0C-AC20-77428C8BEBA2}.Debug|x64.ActiveCfg = Debug|Any CPU
		{1837DBD2-EF98-4B0C-AC20-77428C8BEBA2}.Debug|x64.Build.0 = Debug|Any CPU
		{1837DBD2-EF98-4B0C-AC20-77428C8BEBA2}.Debug|x86.ActiveCfg = Debug|Any CPU
		{1837DBD2-EF98-4B0C-AC20-77428C8BEBA2}.Debug|x86.Build.0 = Debug|Any CPU
		{1837DBD2-EF98-4B0C-AC20-77428C8BEBA2}.Release|Any CPU.ActiveCfg = Release|Any CPU
		{1837DBD2-EF98-4B0C-AC20-77428C8BEBA2}.Release|Any CPU.Build.0 = Release|Any CPU
		{1837DBD2-EF98-4B0C-AC20-77428C8BEBA2}.Release|x64.ActiveCfg = Release|Any CPU
		{1837DBD2-EF98-4B0C-AC20-77428C8BEBA2}.Release|x64.Build.0 = Release|Any CPU
		{1837DBD2-EF98-4B0C-AC20-77428C8BEBA2}.Release|x86.ActiveCfg = Release|Any CPU
		{1837DBD2-EF98-4B0C-AC20-77428C8BEBA2}.Release|x86.Build.0 = Release|Any CPU
	EndGlobalSection
	GlobalSection(SolutionProperties) = preSolution
		HideSolutionNode = FALSE
	EndGlobalSection
	GlobalSection(ExtensibilityGlobals) = postSolution
		SolutionGuid = {5987D5CE-1135-4DDC-A6E3-470DC635A5F9}
	EndGlobalSection
EndGlobal
